
Microsoft Visual Studio Solution File, Format Version 12.00
# Visual Studio Version 17
VisualStudioVersion = 17.8.34525.116
MinimumVisualStudioVersion = 10.0.40219.1
Project("{9A19103F-16F7-4668-BE54-9A1E7A4F7556}") = "WebApplication1", "WebApplication1.csproj", "{D3C26A75-99D8-4DEA-A08A-1D8B46211B45}"
EndProject
Global
	GlobalSection(SolutionConfigurationPlatforms) = preSolution
		Debug|Any CPU = Debug|Any CPU
		Release|Any CPU = Release|Any CPU
	EndGlobalSection
	GlobalSection(ProjectConfigurationPlatforms) = postSolution
		{D3C26A75-99D8-4DEA-A08A-1D8B46211B45}.Debug|Any CPU.ActiveCfg = Debug|Any CPU
		{D3C26A75-99D8-4DEA-A08A-1D8B46211B45}.Debug|Any CPU.Build.0 = Debug|Any CPU
		{D3C26A75-99D8-4DEA-A08A-1D8B46211B45}.Release|Any CPU.ActiveCfg = Release|Any CPU
		{D3C26A75-99D8-4DEA-A08A-1D8B46211B45}.Release|Any CPU.Build.0 = Release|Any CPU
	EndGlobalSection
	GlobalSection(SolutionProperties) = preSolution
		HideSolutionNode = FALSE
	EndGlobalSection
	GlobalSection(ExtensibilityGlobals) = postSolution
		SolutionGuid = {58B4E4F0-AF61-4171-AF2B-E6B4213A19E8}
	EndGlobalSection
EndGlobal
